
Microsoft Visual Studio Solution File, Format Version 12.00
# Visual Studio Version 17
VisualStudioVersion = 17.5.002.0
MinimumVisualStudioVersion = 10.0.40219.1
Project("{9A19103F-16F7-4668-BE54-9A1E7A4F7556}") = "TinderCloneApi", "TinderCloneApi.csproj", "{0EFE3CD4-B04D-4158-A3A8-A094A880AC10}"
EndProject
Global
	GlobalSection(SolutionConfigurationPlatforms) = preSolution
		Debug|Any CPU = Debug|Any CPU
		Release|Any CPU = Release|Any CPU
	EndGlobalSection
	GlobalSection(ProjectConfigurationPlatforms) = postSolution
		{0EFE3CD4-B04D-4158-A3A8-A094A880AC10}.Debug|Any CPU.ActiveCfg = Debug|Any CPU
		{0EFE3CD4-B04D-4158-A3A8-A094A880AC10}.Debug|Any CPU.Build.0 = Debug|Any CPU
		{0EFE3CD4-B04D-4158-A3A8-A094A880AC10}.Release|Any CPU.ActiveCfg = Release|Any CPU
		{0EFE3CD4-B04D-4158-A3A8-A094A880AC10}.Release|Any CPU.Build.0 = Release|Any CPU
	EndGlobalSection
	GlobalSection(SolutionProperties) = preSolution
		HideSolutionNode = FALSE
	EndGlobalSection
	GlobalSection(ExtensibilityGlobals) = postSolution
		SolutionGuid = {66082E49-098B-4810-B193-5F4CEB15CC9B}
	EndGlobalSection
EndGlobal
